
Microsoft Visual Studio Solution File, Format Version 12.00
# Visual Studio Version 17
VisualStudioVersion = 17.11.35312.102
MinimumVisualStudioVersion = 10.0.40219.1
Project("{FAE04EC0-301F-11D3-BF4B-00C04F79EFBC}") = "ZooKeeping", "ZooKeeping\ZooKeeping.csproj", "{16AFF168-720F-4B3F-B443-291A81D5D708}"
EndProject
Global
	GlobalSection(SolutionConfigurationPlatforms) = preSolution
		Debug|Any CPU = Debug|Any CPU
		Release|Any CPU = Release|Any CPU
	EndGlobalSection
	GlobalSection(ProjectConfigurationPlatforms) = postSolution
		{16AFF168-720F-4B3F-B443-291A81D5D708}.Debug|Any CPU.ActiveCfg = Debug|Any CPU
		{16AFF168-720F-4B3F-B443-291A81D5D708}.Debug|Any CPU.Build.0 = Debug|Any CPU
		{16AFF168-720F-4B3F-B443-291A81D5D708}.Release|Any CPU.ActiveCfg = Release|Any CPU
		{16AFF168-720F-4B3F-B443-291A81D5D708}.Release|Any CPU.Build.0 = Release|Any CPU
	EndGlobalSection
	GlobalSection(SolutionProperties) = preSolution
		HideSolutionNode = FALSE
	EndGlobalSection
	GlobalSection(ExtensibilityGlobals) = postSolution
		SolutionGuid = {CE312D32-18A7-4232-A467-AD03EC06942A}
	EndGlobalSection
EndGlobal
